
Microsoft Visual Studio Solution File, Format Version 12.00
# Visual Studio Version 16
VisualStudioVersion = 16.0.30621.155
MinimumVisualStudioVersion = 10.0.40219.1
Project("{FAE04EC0-301F-11D3-BF4B-00C04F79EFBC}") = "NeoFantasyTrain_WPF", "NeoFantasyTrain_WPF.csproj", "{EC08F35F-3465-410D-8BD4-3E81BD67DF72}"
EndProject
Global
	GlobalSection(SolutionConfigurationPlatforms) = preSolution
		Debug|Any CPU = Debug|Any CPU
		Release|Any CPU = Release|Any CPU
	EndGlobalSection
	GlobalSection(ProjectConfigurationPlatforms) = postSolution
		{EC08F35F-3465-410D-8BD4-3E81BD67DF72}.Debug|Any CPU.ActiveCfg = Debug|Any CPU
		{EC08F35F-3465-410D-8BD4-3E81BD67DF72}.Debug|Any CPU.Build.0 = Debug|Any CPU
		{EC08F35F-3465-410D-8BD4-3E81BD67DF72}.Release|Any CPU.ActiveCfg = Release|Any CPU
		{EC08F35F-3465-410D-8BD4-3E81BD67DF72}.Release|Any CPU.Build.0 = Release|Any CPU
	EndGlobalSection
	GlobalSection(SolutionProperties) = preSolution
		HideSolutionNode = FALSE
	EndGlobalSection
	GlobalSection(ExtensibilityGlobals) = postSolution
		SolutionGuid = {E5DD7726-103A-48C2-89D2-F1AA01940744}
	EndGlobalSection
EndGlobal
